
Microsoft Visual Studio Solution File, Format Version 12.00
# Visual Studio Version 17
VisualStudioVersion = 17.0.31903.59
MinimumVisualStudioVersion = 10.0.40219.1
Project("{FAE04EC0-301F-11D3-BF4B-00C04F79EFBC}") = "OthelloApi", "OthelloApi\OthelloApi.csproj", "{608B32CA-E94D-449A-8DAA-FC7E9C755FA0}"
EndProject
Project("{FAE04EC0-301F-11D3-BF4B-00C04F79EFBC}") = "OthelloUI", "OtheloUI\OthelloUI.csproj", "{93E4AEBF-884F-4959-847A-33F26FC4574D}"
EndProject
Project("{FAE04EC0-301F-11D3-BF4B-00C04F79EFBC}") = "OthelloApi.Tests", "OthelloApi.Tests\OthelloApi.Tests.csproj", "{A31EB085-C35C-4C29-B92F-E21F936D0E4B}"
EndProject
Global
	GlobalSection(SolutionConfigurationPlatforms) = preSolution
		Debug|Any CPU = Debug|Any CPU
		Debug|x64 = Debug|x64
		Debug|x86 = Debug|x86
		Release|Any CPU = Release|Any CPU
		Release|x64 = Release|x64
		Release|x86 = Release|x86
	EndGlobalSection
	GlobalSection(ProjectConfigurationPlatforms) = postSolution
		{608B32CA-E94D-449A-8DAA-FC7E9C755FA0}.Debug|Any CPU.ActiveCfg = Debug|Any CPU
		{608B32CA-E94D-449A-8DAA-FC7E9C755FA0}.Debug|Any CPU.Build.0 = Debug|Any CPU
		{608B32CA-E94D-449A-8DAA-FC7E9C755FA0}.Debug|x64.ActiveCfg = Debug|Any CPU
		{608B32CA-E94D-449A-8DAA-FC7E9C755FA0}.Debug|x64.Build.0 = Debug|Any CPU
		{608B32CA-E94D-449A-8DAA-FC7E9C755FA0}.Debug|x86.ActiveCfg = Debug|Any CPU
		{608B32CA-E94D-449A-8DAA-FC7E9C755FA0}.Debug|x86.Build.0 = Debug|Any CPU
		{608B32CA-E94D-449A-8DAA-FC7E9C755FA0}.Release|Any CPU.ActiveCfg = Release|Any CPU
		{608B32CA-E94D-449A-8DAA-FC7E9C755FA0}.Release|Any CPU.Build.0 = Release|Any CPU
		{608B32CA-E94D-449A-8DAA-FC7E9C755FA0}.Release|x64.ActiveCfg = Release|Any CPU
		{608B32CA-E94D-449A-8DAA-FC7E9C755FA0}.Release|x64.Build.0 = Release|Any CPU
		{608B32CA-E94D-449A-8DAA-FC7E9C755FA0}.Release|x86.ActiveCfg = Release|Any CPU
		{608B32CA-E94D-449A-8DAA-FC7E9C755FA0}.Release|x86.Build.0 = Release|Any CPU
		{93E4AEBF-884F-4959-847A-33F26FC4574D}.Debug|Any CPU.ActiveCfg = Debug|Any CPU
		{93E4AEBF-884F-4959-847A-33F26FC4574D}.Debug|Any CPU.Build.0 = Debug|Any CPU
		{93E4AEBF-884F-4959-847A-33F26FC4574D}.Debug|x64.ActiveCfg = Debug|Any CPU
		{93E4AEBF-884F-4959-847A-33F26FC4574D}.Debug|x64.Build.0 = Debug|Any CPU
		{93E4AEBF-884F-4959-847A-33F26FC4574D}.Debug|x86.ActiveCfg = Debug|Any CPU
		{93E4AEBF-884F-4959-847A-33F26FC4574D}.Debug|x86.Build.0 = Debug|Any CPU
		{93E4AEBF-884F-4959-847A-33F26FC4574D}.Release|Any CPU.ActiveCfg = Release|Any CPU
		{93E4AEBF-884F-4959-847A-33F26FC4574D}.Release|Any CPU.Build.0 = Release|Any CPU
		{93E4AEBF-884F-4959-847A-33F26FC4574D}.Release|x64.ActiveCfg = Release|Any CPU
		{93E4AEBF-884F-4959-847A-33F26FC4574D}.Release|x64.Build.0 = Release|Any CPU
		{93E4AEBF-884F-4959-847A-33F26FC4574D}.Release|x86.ActiveCfg = Release|Any CPU
		{93E4AEBF-884F-4959-847A-33F26FC4574D}.Release|x86.Build.0 = Release|Any CPU
		{A31EB085-C35C-4C29-B92F-E21F936D0E4B}.Debug|Any CPU.ActiveCfg = Debug|Any CPU
		{A31EB085-C35C-4C29-B92F-E21F936D0E4B}.Debug|Any CPU.Build.0 = Debug|Any CPU
		{A31EB085-C35C-4C29-B92F-E21F936D0E4B}.Debug|x64.ActiveCfg = Debug|Any CPU
		{A31EB085-C35C-4C29-B92F-E21F936D0E4B}.Debug|x64.Build.0 = Debug|Any CPU
		{A31EB085-C35C-4C29-B92F-E21F936D0E4B}.Debug|x86.ActiveCfg = Debug|Any CPU
		{A31EB085-C35C-4C29-B92F-E21F936D0E4B}.Debug|x86.Build.0 = Debug|Any CPU
		{A31EB085-C35C-4C29-B92F-E21F936D0E4B}.Release|Any CPU.ActiveCfg = Release|Any CPU
		{A31EB085-C35C-4C29-B92F-E21F936D0E4B}.Release|Any CPU.Build.0 = Release|Any CPU
		{A31EB085-C35C-4C29-B92F-E21F936D0E4B}.Release|x64.ActiveCfg = Release|Any CPU
		{A31EB085-C35C-4C29-B92F-E21F936D0E4B}.Release|x64.Build.0 = Release|Any CPU
		{A31EB085-C35C-4C29-B92F-E21F936D0E4B}.Release|x86.ActiveCfg = Release|Any CPU
		{A31EB085-C35C-4C29-B92F-E21F936D0E4B}.Release|x86.Build.0 = Release|Any CPU
	EndGlobalSection
	GlobalSection(SolutionProperties) = preSolution
		HideSolutionNode = FALSE
	EndGlobalSection
EndGlobal
